
Microsoft Visual Studio Solution File, Format Version 12.00
# Visual Studio 15
VisualStudioVersion = 15.0.26730.12
MinimumVisualStudioVersion = 10.0.40219.1
Project("{9A19103F-16F7-4668-BE54-9A1E7A4F7556}") = "Hotel.Entities", "Hotel.Entities\Hotel.Entities.csproj", "{564C299C-C8BE-42FA-B6E9-A68CEA091597}"
EndProject
Project("{9A19103F-16F7-4668-BE54-9A1E7A4F7556}") = "Hotel.Repository", "Hotel.Repository\Hotel.Repository.csproj", "{22E7E4E0-483C-436F-BA3E-71B11A32D084}"
EndProject
Project("{9A19103F-16F7-4668-BE54-9A1E7A4F7556}") = "Hotel.Common", "Hotel.Common\Hotel.Common.csproj", "{BCB31039-081E-488A-9106-B3381C531F68}"
EndProject
Project("{9A19103F-16F7-4668-BE54-9A1E7A4F7556}") = "Hotel.WebBase", "Hotel.WebBase\Hotel.WebBase.csproj", "{15B9B175-30A6-4954-98C1-9738D1AB0B19}"
EndProject
Project("{9A19103F-16F7-4668-BE54-9A1E7A4F7556}") = "Hotel.Web01", "Hotel.Web01\Hotel.Web01.csproj", "{6C527CD8-B65E-4524-92FE-27AC0D5DE1DE}"
EndProject
Project("{2150E333-8FDC-42A3-9474-1A3956D46DE8}") = "010Common", "010Common", "{652AAF72-E69E-4BF8-A87E-0CED7D96973A}"
EndProject
Project("{2150E333-8FDC-42A3-9474-1A3956D46DE8}") = "020DataAccessLayer", "020DataAccessLayer", "{5BEEB7EB-A0BA-4E2E-8C3B-43B5CB743B22}"
EndProject
Project("{2150E333-8FDC-42A3-9474-1A3956D46DE8}") = "030Web", "030Web", "{3D5844E0-6EC2-46C6-B5E7-7D4A6336C6C5}"
EndProject
Project("{FAE04EC0-301F-11D3-BF4B-00C04F79EFBC}") = "Hotel.Web02", "Hotel.Web02\Hotel.Web02.csproj", "{56BF8A13-6512-469A-9EA9-4B467D1804A4}"
EndProject
Project("{FAE04EC0-301F-11D3-BF4B-00C04F79EFBC}") = "Hotel.Web03", "Hotel.Web03\Hotel.Web03.csproj", "{7186C158-669B-4B41-944D-7265B8D50136}"
EndProject
Project("{FAE04EC0-301F-11D3-BF4B-00C04F79EFBC}") = "Hotel.Web04", "Hotel.Web04\Hotel.Web04.csproj", "{501A73E2-722B-491C-A79E-1E545FC5D28B}"
EndProject
Project("{FAE04EC0-301F-11D3-BF4B-00C04F79EFBC}") = "Hotel.Web05", "Hotel.Web05\Hotel.Web05.csproj", "{A2529687-B9C2-4E07-BE86-B0D431D5164F}"
EndProject
Project("{FAE04EC0-301F-11D3-BF4B-00C04F79EFBC}") = "Hotel.Web06", "Hotel.Web06\Hotel.Web06.csproj", "{98E3553C-CF09-490E-A757-F815FA1DA6C2}"
EndProject
Global
	GlobalSection(SolutionConfigurationPlatforms) = preSolution
		Debug|Any CPU = Debug|Any CPU
		Release|Any CPU = Release|Any CPU
	EndGlobalSection
	GlobalSection(ProjectConfigurationPlatforms) = postSolution
		{564C299C-C8BE-42FA-B6E9-A68CEA091597}.Debug|Any CPU.ActiveCfg = Debug|Any CPU
		{564C299C-C8BE-42FA-B6E9-A68CEA091597}.Debug|Any CPU.Build.0 = Debug|Any CPU
		{564C299C-C8BE-42FA-B6E9-A68CEA091597}.Release|Any CPU.ActiveCfg = Release|Any CPU
		{564C299C-C8BE-42FA-B6E9-A68CEA091597}.Release|Any CPU.Build.0 = Release|Any CPU
		{22E7E4E0-483C-436F-BA3E-71B11A32D084}.Debug|Any CPU.ActiveCfg = Debug|Any CPU
		{22E7E4E0-483C-436F-BA3E-71B11A32D084}.Debug|Any CPU.Build.0 = Debug|Any CPU
		{22E7E4E0-483C-436F-BA3E-71B11A32D084}.Release|Any CPU.ActiveCfg = Release|Any CPU
		{22E7E4E0-483C-436F-BA3E-71B11A32D084}.Release|Any CPU.Build.0 = Release|Any CPU
		{BCB31039-081E-488A-9106-B3381C531F68}.Debug|Any CPU.ActiveCfg = Debug|Any CPU
		{BCB31039-081E-488A-9106-B3381C531F68}.Debug|Any CPU.Build.0 = Debug|Any CPU
		{BCB31039-081E-488A-9106-B3381C531F68}.Release|Any CPU.ActiveCfg = Release|Any CPU
		{BCB31039-081E-488A-9106-B3381C531F68}.Release|Any CPU.Build.0 = Release|Any CPU
		{15B9B175-30A6-4954-98C1-9738D1AB0B19}.Debug|Any CPU.ActiveCfg = Debug|Any CPU
		{15B9B175-30A6-4954-98C1-9738D1AB0B19}.Debug|Any CPU.Build.0 = Debug|Any CPU
		{15B9B175-30A6-4954-98C1-9738D1AB0B19}.Release|Any CPU.ActiveCfg = Release|Any CPU
		{15B9B175-30A6-4954-98C1-9738D1AB0B19}.Release|Any CPU.Build.0 = Release|Any CPU
		{6C527CD8-B65E-4524-92FE-27AC0D5DE1DE}.Debug|Any CPU.ActiveCfg = Debug|Any CPU
		{6C527CD8-B65E-4524-92FE-27AC0D5DE1DE}.Debug|Any CPU.Build.0 = Debug|Any CPU
		{6C527CD8-B65E-4524-92FE-27AC0D5DE1DE}.Release|Any CPU.ActiveCfg = Release|Any CPU
		{6C527CD8-B65E-4524-92FE-27AC0D5DE1DE}.Release|Any CPU.Build.0 = Release|Any CPU
		{56BF8A13-6512-469A-9EA9-4B467D1804A4}.Debug|Any CPU.ActiveCfg = Debug|Any CPU
		{56BF8A13-6512-469A-9EA9-4B467D1804A4}.Debug|Any CPU.Build.0 = Debug|Any CPU
		{56BF8A13-6512-469A-9EA9-4B467D1804A4}.Release|Any CPU.ActiveCfg = Release|Any CPU
		{56BF8A13-6512-469A-9EA9-4B467D1804A4}.Release|Any CPU.Build.0 = Release|Any CPU
		{7186C158-669B-4B41-944D-7265B8D50136}.Debug|Any CPU.ActiveCfg = Debug|Any CPU
		{7186C158-669B-4B41-944D-7265B8D50136}.Debug|Any CPU.Build.0 = Debug|Any CPU
		{7186C158-669B-4B41-944D-7265B8D50136}.Release|Any CPU.ActiveCfg = Release|Any CPU
		{7186C158-669B-4B41-944D-7265B8D50136}.Release|Any CPU.Build.0 = Release|Any CPU
		{501A73E2-722B-491C-A79E-1E545FC5D28B}.Debug|Any CPU.ActiveCfg = Debug|Any CPU
		{501A73E2-722B-491C-A79E-1E545FC5D28B}.Debug|Any CPU.Build.0 = Debug|Any CPU
		{501A73E2-722B-491C-A79E-1E545FC5D28B}.Release|Any CPU.ActiveCfg = Release|Any CPU
		{501A73E2-722B-491C-A79E-1E545FC5D28B}.Release|Any CPU.Build.0 = Release|Any CPU
		{A2529687-B9C2-4E07-BE86-B0D431D5164F}.Debug|Any CPU.ActiveCfg = Debug|Any CPU
		{A2529687-B9C2-4E07-BE86-B0D431D5164F}.Debug|Any CPU.Build.0 = Debug|Any CPU
		{A2529687-B9C2-4E07-BE86-B0D431D5164F}.Release|Any CPU.ActiveCfg = Release|Any CPU
		{A2529687-B9C2-4E07-BE86-B0D431D5164F}.Release|Any CPU.Build.0 = Release|Any CPU
		{98E3553C-CF09-490E-A757-F815FA1DA6C2}.Debug|Any CPU.ActiveCfg = Debug|Any CPU
		{98E3553C-CF09-490E-A757-F815FA1DA6C2}.Debug|Any CPU.Build.0 = Debug|Any CPU
		{98E3553C-CF09-490E-A757-F815FA1DA6C2}.Release|Any CPU.ActiveCfg = Release|Any CPU
		{98E3553C-CF09-490E-A757-F815FA1DA6C2}.Release|Any CPU.Build.0 = Release|Any CPU
	EndGlobalSection
	GlobalSection(SolutionProperties) = preSolution
		HideSolutionNode = FALSE
	EndGlobalSection
	GlobalSection(NestedProjects) = preSolution
		{564C299C-C8BE-42FA-B6E9-A68CEA091597} = {5BEEB7EB-A0BA-4E2E-8C3B-43B5CB743B22}
		{22E7E4E0-483C-436F-BA3E-71B11A32D084} = {5BEEB7EB-A0BA-4E2E-8C3B-43B5CB743B22}
		{BCB31039-081E-488A-9106-B3381C531F68} = {652AAF72-E69E-4BF8-A87E-0CED7D96973A}
		{15B9B175-30A6-4954-98C1-9738D1AB0B19} = {3D5844E0-6EC2-46C6-B5E7-7D4A6336C6C5}
		{6C527CD8-B65E-4524-92FE-27AC0D5DE1DE} = {3D5844E0-6EC2-46C6-B5E7-7D4A6336C6C5}
		{56BF8A13-6512-469A-9EA9-4B467D1804A4} = {3D5844E0-6EC2-46C6-B5E7-7D4A6336C6C5}
		{7186C158-669B-4B41-944D-7265B8D50136} = {3D5844E0-6EC2-46C6-B5E7-7D4A6336C6C5}
		{501A73E2-722B-491C-A79E-1E545FC5D28B} = {3D5844E0-6EC2-46C6-B5E7-7D4A6336C6C5}
		{A2529687-B9C2-4E07-BE86-B0D431D5164F} = {3D5844E0-6EC2-46C6-B5E7-7D4A6336C6C5}
		{98E3553C-CF09-490E-A757-F815FA1DA6C2} = {3D5844E0-6EC2-46C6-B5E7-7D4A6336C6C5}
	EndGlobalSection
	GlobalSection(ExtensibilityGlobals) = postSolution
		SolutionGuid = {3DFE3E50-97CF-4A47-B9DB-6DB1F8D22945}
	EndGlobalSection
EndGlobal
